// !$*UTF8*$!
{
	archiveVersion = 1;
	classes = {
	};
	objectVersion = 46;
	objects = {

/* Begin PBXBuildFile section */
		CE08A332199B529500A9489A /* Foundation.framework in Frameworks */ = {isa = PBXBuildFile; fileRef = CE08A331199B529500A9489A /* Foundation.framework */; };
		CE08A334199B529500A9489A /* CoreGraphics.framework in Frameworks */ = {isa = PBXBuildFile; fileRef = CE08A333199B529500A9489A /* CoreGraphics.framework */; };
		CE08A336199B529500A9489A /* UIKit.framework in Frameworks */ = {isa = PBXBuildFile; fileRef = CE08A335199B529500A9489A /* UIKit.framework */; };
		CE08A33C199B529500A9489A /* InfoPlist.strings in Resources */ = {isa = PBXBuildFile; fileRef = CE08A33A199B529500A9489A /* InfoPlist.strings */; };
		CE08A33E199B529500A9489A /* main.m in Sources */ = {isa = PBXBuildFile; fileRef = CE08A33D199B529500A9489A /* main.m */; };
		CE08A342199B529500A9489A /* AppDelegate.m in Sources */ = {isa = PBXBuildFile; fileRef = CE08A341199B529500A9489A /* AppDelegate.m */; };
		CE08A344199B529500A9489A /* Images.xcassets in Resources */ = {isa = PBXBuildFile; fileRef = CE08A343199B529500A9489A /* Images.xcassets */; };
		CE08A34B199B529500A9489A /* XCTest.framework in Frameworks */ = {isa = PBXBuildFile; fileRef = CE08A34A199B529500A9489A /* XCTest.framework */; };
		CE08A34C199B529500A9489A /* Foundation.framework in Frameworks */ = {isa = PBXBuildFile; fileRef = CE08A331199B529500A9489A /* Foundation.framework */; };
		CE08A34D199B529500A9489A /* UIKit.framework in Frameworks */ = {isa = PBXBuildFile; fileRef = CE08A335199B529500A9489A /* UIKit.framework */; };
		CE08A355199B529500A9489A /* InfoPlist.strings in Resources */ = {isa = PBXBuildFile; fileRef = CE08A353199B529500A9489A /* InfoPlist.strings */; };
		CE08A357199B529500A9489A /* NewssTests.m in Sources */ = {isa = PBXBuildFile; fileRef = CE08A356199B529500A9489A /* NewssTests.m */; };
		CE08A362199B547300A9489A /* RootViewController.m in Sources */ = {isa = PBXBuildFile; fileRef = CE08A361199B547300A9489A /* RootViewController.m */; };
		CE09CE4D19B810DC0020103E /* MJRefresh.bundle in Resources */ = {isa = PBXBuildFile; fileRef = CE09CE3D19B810DC0020103E /* MJRefresh.bundle */; };
		CE09CE4E19B810DC0020103E /* MJRefreshBaseView.m in Sources */ = {isa = PBXBuildFile; fileRef = CE09CE4019B810DC0020103E /* MJRefreshBaseView.m */; };
		CE09CE4F19B810DC0020103E /* MJRefreshConst.m in Sources */ = {isa = PBXBuildFile; fileRef = CE09CE4219B810DC0020103E /* MJRefreshConst.m */; };
		CE09CE5019B810DC0020103E /* MJRefreshFooterView.m in Sources */ = {isa = PBXBuildFile; fileRef = CE09CE4419B810DC0020103E /* MJRefreshFooterView.m */; };
		CE09CE5119B810DC0020103E /* MJRefreshHeaderView.m in Sources */ = {isa = PBXBuildFile; fileRef = CE09CE4619B810DC0020103E /* MJRefreshHeaderView.m */; };
		CE09CE5219B810DC0020103E /* UIScrollView+Extension.m in Sources */ = {isa = PBXBuildFile; fileRef = CE09CE4819B810DC0020103E /* UIScrollView+Extension.m */; };
		CE09CE5319B810DC0020103E /* UIScrollView+MJRefresh.m in Sources */ = {isa = PBXBuildFile; fileRef = CE09CE4A19B810DC0020103E /* UIScrollView+MJRefresh.m */; };
		CE09CE5419B810DC0020103E /* UIView+Extension.m in Sources */ = {isa = PBXBuildFile; fileRef = CE09CE4C19B810DC0020103E /* UIView+Extension.m */; };
		CE09CE7719B860880020103E /* MKAnnotationView+WebCache.m in Sources */ = {isa = PBXBuildFile; fileRef = CE09CE5719B860880020103E /* MKAnnotationView+WebCache.m */; };
		CE09CE7819B860880020103E /* NSData+ImageContentType.m in Sources */ = {isa = PBXBuildFile; fileRef = CE09CE5919B860880020103E /* NSData+ImageContentType.m */; };
		CE09CE7919B860880020103E /* SDImageCache.m in Sources */ = {isa = PBXBuildFile; fileRef = CE09CE5B19B860880020103E /* SDImageCache.m */; };
		CE09CE7A19B860880020103E /* SDWebImageCompat.m in Sources */ = {isa = PBXBuildFile; fileRef = CE09CE5D19B860880020103E /* SDWebImageCompat.m */; };
		CE09CE7B19B860880020103E /* SDWebImageDecoder.m in Sources */ = {isa = PBXBuildFile; fileRef = CE09CE5F19B860880020103E /* SDWebImageDecoder.m */; };
		CE09CE7C19B860880020103E /* SDWebImageDownloader.m in Sources */ = {isa = PBXBuildFile; fileRef = CE09CE6119B860880020103E /* SDWebImageDownloader.m */; };
		CE09CE7D19B860880020103E /* SDWebImageDownloaderOperation.m in Sources */ = {isa = PBXBuildFile; fileRef = CE09CE6319B860880020103E /* SDWebImageDownloaderOperation.m */; };
		CE09CE7E19B860880020103E /* SDWebImageManager.m in Sources */ = {isa = PBXBuildFile; fileRef = CE09CE6519B860880020103E /* SDWebImageManager.m */; };
		CE09CE7F19B860880020103E /* SDWebImagePrefetcher.m in Sources */ = {isa = PBXBuildFile; fileRef = CE09CE6819B860880020103E /* SDWebImagePrefetcher.m */; };
		CE09CE8019B860880020103E /* UIButton+WebCache.m in Sources */ = {isa = PBXBuildFile; fileRef = CE09CE6A19B860880020103E /* UIButton+WebCache.m */; };
		CE09CE8119B860880020103E /* UIImage+GIF.m in Sources */ = {isa = PBXBuildFile; fileRef = CE09CE6C19B860880020103E /* UIImage+GIF.m */; };
		CE09CE8219B860880020103E /* UIImage+MultiFormat.m in Sources */ = {isa = PBXBuildFile; fileRef = CE09CE6E19B860880020103E /* UIImage+MultiFormat.m */; };
		CE09CE8319B860880020103E /* UIImage+WebP.m in Sources */ = {isa = PBXBuildFile; fileRef = CE09CE7019B860880020103E /* UIImage+WebP.m */; };
		CE09CE8419B860880020103E /* UIImageView+HighlightedWebCache.m in Sources */ = {isa = PBXBuildFile; fileRef = CE09CE7219B860880020103E /* UIImageView+HighlightedWebCache.m */; };
		CE09CE8519B860880020103E /* UIImageView+WebCache.m in Sources */ = {isa = PBXBuildFile; fileRef = CE09CE7419B860880020103E /* UIImageView+WebCache.m */; };
		CE09CE8619B860880020103E /* UIView+WebCacheOperation.m in Sources */ = {isa = PBXBuildFile; fileRef = CE09CE7619B860880020103E /* UIView+WebCacheOperation.m */; };
		CE771D7519B98A1600AF1F4B /* a2@2x.png in Resources */ = {isa = PBXBuildFile; fileRef = CE771D7319B98A1600AF1F4B /* a2@2x.png */; };
		CE771D7619B98A1600AF1F4B /* btn_bg1@2x.png in Resources */ = {isa = PBXBuildFile; fileRef = CE771D7419B98A1600AF1F4B /* btn_bg1@2x.png */; };
		CE771D7919B98AE100AF1F4B /* CustomTabBarUp.m in Sources */ = {isa = PBXBuildFile; fileRef = CE771D7819B98AE100AF1F4B /* CustomTabBarUp.m */; };
		CEF3161219B4049900004A02 /* NewsCell.xib in Resources */ = {isa = PBXBuildFile; fileRef = CEF3161119B4049900004A02 /* NewsCell.xib */; };
		CEF3161519B404C800004A02 /* NewsCell.m in Sources */ = {isa = PBXBuildFile; fileRef = CEF3161419B404C800004A02 /* NewsCell.m */; };
		CEF60BB519B01866003FE24A /* GDataXMLNode.m in Sources */ = {isa = PBXBuildFile; fileRef = CEF60B9F19B01866003FE24A /* GDataXMLNode.m */; settings = {COMPILER_FLAGS = "-fno-objc-arc"; }; };
		CEF60BC019B01922003FE24A /* libxml2.dylib in Frameworks */ = {isa = PBXBuildFile; fileRef = CEF60BBF19B01922003FE24A /* libxml2.dylib */; };
		CEF60BC319B01D3F003FE24A /* NewsModel.m in Sources */ = {isa = PBXBuildFile; fileRef = CEF60BC219B01D3F003FE24A /* NewsModel.m */; };
		CEFAC871199C5FD800AEA8FF /* Custom.m in Sources */ = {isa = PBXBuildFile; fileRef = CEFAC870199C5FD800AEA8FF /* Custom.m */; };
		CEFAC874199C643000AEA8FF /* JHTableView.m in Sources */ = {isa = PBXBuildFile; fileRef = CEFAC873199C643000AEA8FF /* JHTableView.m */; };
		CEFB574B19AF171A00023E63 /* JHHttpRequest.m in Sources */ = {isa = PBXBuildFile; fileRef = CEFB574A19AF171A00023E63 /* JHHttpRequest.m */; };
		CEFB574E19AF194E00023E63 /* JHHRequestManager.m in Sources */ = {isa = PBXBuildFile; fileRef = CEFB574D19AF194E00023E63 /* JHHRequestManager.m */; };
		CEFBD725199DD94900B8F4C2 /* NavButtonModel.m in Sources */ = {isa = PBXBuildFile; fileRef = CEFBD724199DD94900B8F4C2 /* NavButtonModel.m */; };
		CEFBD728199DE9F800B8F4C2 /* NewsViewController.m in Sources */ = {isa = PBXBuildFile; fileRef = CEFBD727199DE9F800B8F4C2 /* NewsViewController.m */; };
		CEFBD72B199DEA1700B8F4C2 /* MarketViewController.m in Sources */ = {isa = PBXBuildFile; fileRef = CEFBD72A199DEA1700B8F4C2 /* MarketViewController.m */; };
		CEFBD72E199DEA2800B8F4C2 /* VideoViewController.m in Sources */ = {isa = PBXBuildFile; fileRef = CEFBD72D199DEA2800B8F4C2 /* VideoViewController.m */; };
		CEFBD731199DEA3D00B8F4C2 /* PictureViewController.m in Sources */ = {isa = PBXBuildFile; fileRef = CEFBD730199DEA3D00B8F4C2 /* PictureViewController.m */; };
		CEFBD734199DEA4D00B8F4C2 /* SettingViewController.m in Sources */ = {isa = PBXBuildFile; fileRef = CEFBD733199DEA4D00B8F4C2 /* SettingViewController.m */; };
		CEFBD737199DEA7300B8F4C2 /* PictureDetailViewController.m in Sources */ = {isa = PBXBuildFile; fileRef = CEFBD736199DEA7200B8F4C2 /* PictureDetailViewController.m */; };
		CEFBD73A199DEAAC00B8F4C2 /* CustomTabBarController.m in Sources */ = {isa = PBXBuildFile; fileRef = CEFBD739199DEAAC00B8F4C2 /* CustomTabBarController.m */; };
		CEFBD73D199DECBA00B8F4C2 /* CustomTabBar.m in Sources */ = {isa = PBXBuildFile; fileRef = CEFBD73C199DECBA00B8F4C2 /* CustomTabBar.m */; };
		CEFBD73F199DFDD000B8F4C2 /* tabBar.plist in Resources */ = {isa = PBXBuildFile; fileRef = CEFBD73E199DFDD000B8F4C2 /* tabBar.plist */; };
		CEFDF3FC199DB70200B921D1 /* naviback_n@2x.png in Resources */ = {isa = PBXBuildFile; fileRef = CEFDF3E5199DB70200B921D1 /* naviback_n@2x.png */; };
		CEFDF3FD199DB70200B921D1 /* navibarbackground@2x.png in Resources */ = {isa = PBXBuildFile; fileRef = CEFDF3E6199DB70200B921D1 /* navibarbackground@2x.png */; };
		CEFDF3FE199DB70200B921D1 /* comBtn.png in Resources */ = {isa = PBXBuildFile; fileRef = CEFDF3E8199DB70200B921D1 /* comBtn.png */; };
		CEFDF3FF199DB70200B921D1 /* favorite1.png in Resources */ = {isa = PBXBuildFile; fileRef = CEFDF3E9199DB70200B921D1 /* favorite1.png */; };
		CEFDF400199DB70200B921D1 /* favorite2.png in Resources */ = {isa = PBXBuildFile; fileRef = CEFDF3EA199DB70200B921D1 /* favorite2.png */; };
		CEFDF401199DB70200B921D1 /* photo_down.png in Resources */ = {isa = PBXBuildFile; fileRef = CEFDF3EB199DB70200B921D1 /* photo_down.png */; };
		CEFDF402199DB70200B921D1 /* returnBackground.png in Resources */ = {isa = PBXBuildFile; fileRef = CEFDF3EC199DB70200B921D1 /* returnBackground.png */; };
		CEFDF403199DB70200B921D1 /* searchItem.png in Resources */ = {isa = PBXBuildFile; fileRef = CEFDF3ED199DB70200B921D1 /* searchItem.png */; };
		CEFDF404199DB70200B921D1 /* share.png in Resources */ = {isa = PBXBuildFile; fileRef = CEFDF3EE199DB70200B921D1 /* share.png */; };
		CEFDF405199DB70200B921D1 /* AppIcon57x57.png in Resources */ = {isa = PBXBuildFile; fileRef = CEFDF3F0199DB70200B921D1 /* AppIcon57x57.png */; };
		CEFDF406199DB70200B921D1 /* AppIcon57x57@2x.png in Resources */ = {isa = PBXBuildFile; fileRef = CEFDF3F1199DB70200B921D1 /* AppIcon57x57@2x.png */; };
		CEFDF407199DB70200B921D1 /* btnI-h.png in Resources */ = {isa = PBXBuildFile; fileRef = CEFDF3F2199DB70200B921D1 /* btnI-h.png */; };
		CEFDF408199DB70200B921D1 /* btnI-n.png in Resources */ = {isa = PBXBuildFile; fileRef = CEFDF3F3199DB70200B921D1 /* btnI-n.png */; };
		CEFDF409199DB70200B921D1 /* btnM-h.png in Resources */ = {isa = PBXBuildFile; fileRef = CEFDF3F4199DB70200B921D1 /* btnM-h.png */; };
		CEFDF40A199DB70200B921D1 /* btnM-n.png in Resources */ = {isa = PBXBuildFile; fileRef = CEFDF3F5199DB70200B921D1 /* btnM-n.png */; };
		CEFDF40B199DB70200B921D1 /* btnP-h.png in Resources */ = {isa = PBXBuildFile; fileRef = CEFDF3F6199DB70200B921D1 /* btnP-h.png */; };
		CEFDF40C199DB70200B921D1 /* btnP-n.png in Resources */ = {isa = PBXBuildFile; fileRef = CEFDF3F7199DB70200B921D1 /* btnP-n.png */; };
		CEFDF40D199DB70200B921D1 /* btnQ-h.png in Resources */ = {isa = PBXBuildFile; fileRef = CEFDF3F8199DB70200B921D1 /* btnQ-h.png */; };
		CEFDF40E199DB70200B921D1 /* btnQ-n.png in Resources */ = {isa = PBXBuildFile; fileRef = CEFDF3F9199DB70200B921D1 /* btnQ-n.png */; };
		CEFDF40F199DB70200B921D1 /* btnV-h.png in Resources */ = {isa = PBXBuildFile; fileRef = CEFDF3FA199DB70200B921D1 /* btnV-h.png */; };
		CEFDF410199DB70200B921D1 /* btnV-n.png in Resources */ = {isa = PBXBuildFile; fileRef = CEFDF3FB199DB70200B921D1 /* btnV-n.png */; };
/* End PBXBuildFile section */

/* Begin PBXContainerItemProxy section */
		CE08A34E199B529500A9489A /* PBXContainerItemProxy */ = {
			isa = PBXContainerItemProxy;
			containerPortal = CE08A326199B529500A9489A /* Project object */;
			proxyType = 1;
			remoteGlobalIDString = CE08A32D199B529500A9489A;
			remoteInfo = Newss;
		};
/* End PBXContainerItemProxy section */

/* Begin PBXFileReference section */
		CE08A32E199B529500A9489A /* Newss.app */ = {isa = PBXFileReference; explicitFileType = wrapper.application; includeInIndex = 0; path = Newss.app; sourceTree = BUILT_PRODUCTS_DIR; };
		CE08A331199B529500A9489A /* Foundation.framework */ = {isa = PBXFileReference; lastKnownFileType = wrapper.framework; name = Foundation.framework; path = System/Library/Frameworks/Foundation.framework; sourceTree = SDKROOT; };
		CE08A333199B529500A9489A /* CoreGraphics.framework */ = {isa = PBXFileReference; lastKnownFileType = wrapper.framework; name = CoreGraphics.framework; path = System/Library/Frameworks/CoreGraphics.framework; sourceTree = SDKROOT; };
		CE08A335199B529500A9489A /* UIKit.framework */ = {isa = PBXFileReference; lastKnownFileType = wrapper.framework; name = UIKit.framework; path = System/Library/Frameworks/UIKit.framework; sourceTree = SDKROOT; };
		CE08A339199B529500A9489A /* Newss-Info.plist */ = {isa = PBXFileReference; lastKnownFileType = text.plist.xml; path = "Newss-Info.plist"; sourceTree = "<group>"; };
		CE08A33B199B529500A9489A /* en */ = {isa = PBXFileReference; lastKnownFileType = text.plist.strings; name = en; path = en.lproj/InfoPlist.strings; sourceTree = "<group>"; };
		CE08A33D199B529500A9489A /* main.m */ = {isa = PBXFileReference; lastKnownFileType = sourcecode.c.objc; path = main.m; sourceTree = "<group>"; };
		CE08A33F199B529500A9489A /* Newss-Prefix.pch */ = {isa = PBXFileReference; lastKnownFileType = sourcecode.c.h; path = "Newss-Prefix.pch"; sourceTree = "<group>"; };
		CE08A340199B529500A9489A /* AppDelegate.h */ = {isa = PBXFileReference; lastKnownFileType = sourcecode.c.h; path = AppDelegate.h; sourceTree = "<group>"; };
		CE08A341199B529500A9489A /* AppDelegate.m */ = {isa = PBXFileReference; lastKnownFileType = sourcecode.c.objc; path = AppDelegate.m; sourceTree = "<group>"; };
		CE08A343199B529500A9489A /* Images.xcassets */ = {isa = PBXFileReference; lastKnownFileType = folder.assetcatalog; path = Images.xcassets; sourceTree = "<group>"; };
		CE08A349199B529500A9489A /* NewssTests.xctest */ = {isa = PBXFileReference; explicitFileType = wrapper.cfbundle; includeInIndex = 0; path = NewssTests.xctest; sourceTree = BUILT_PRODUCTS_DIR; };
		CE08A34A199B529500A9489A /* XCTest.framework */ = {isa = PBXFileReference; lastKnownFileType = wrapper.framework; name = XCTest.framework; path = Library/Frameworks/XCTest.framework; sourceTree = DEVELOPER_DIR; };
		CE08A352199B529500A9489A /* NewssTests-Info.plist */ = {isa = PBXFileReference; lastKnownFileType = text.plist.xml; path = "NewssTests-Info.plist"; sourceTree = "<group>"; };
		CE08A354199B529500A9489A /* en */ = {isa = PBXFileReference; lastKnownFileType = text.plist.strings; name = en; path = en.lproj/InfoPlist.strings; sourceTree = "<group>"; };
		CE08A356199B529500A9489A /* NewssTests.m */ = {isa = PBXFileReference; lastKnownFileType = sourcecode.c.objc; path = NewssTests.m; sourceTree = "<group>"; };
		CE08A360199B547300A9489A /* RootViewController.h */ = {isa = PBXFileReference; fileEncoding = 4; lastKnownFileType = sourcecode.c.h; path = RootViewController.h; sourceTree = "<group>"; };
		CE08A361199B547300A9489A /* RootViewController.m */ = {isa = PBXFileReference; fileEncoding = 4; lastKnownFileType = sourcecode.c.objc; path = RootViewController.m; sourceTree = "<group>"; };
		CE09CE3D19B810DC0020103E /* MJRefresh.bundle */ = {isa = PBXFileReference; lastKnownFileType = "wrapper.plug-in"; path = MJRefresh.bundle; sourceTree = "<group>"; };
		CE09CE3E19B810DC0020103E /* MJRefresh.h */ = {isa = PBXFileReference; fileEncoding = 4; lastKnownFileType = sourcecode.c.h; path = MJRefresh.h; sourceTree = "<group>"; };
		CE09CE3F19B810DC0020103E /* MJRefreshBaseView.h */ = {isa = PBXFileReference; fileEncoding = 4; lastKnownFileType = sourcecode.c.h; path = MJRefreshBaseView.h; sourceTree = "<group>"; };
		CE09CE4019B810DC0020103E /* MJRefreshBaseView.m */ = {isa = PBXFileReference; fileEncoding = 4; lastKnownFileType = sourcecode.c.objc; path = MJRefreshBaseView.m; sourceTree = "<group>"; };
		CE09CE4119B810DC0020103E /* MJRefreshConst.h */ = {isa = PBXFileReference; fileEncoding = 4; lastKnownFileType = sourcecode.c.h; path = MJRefreshConst.h; sourceTree = "<group>"; };
		CE09CE4219B810DC0020103E /* MJRefreshConst.m */ = {isa = PBXFileReference; fileEncoding = 4; lastKnownFileType = sourcecode.c.objc; path = MJRefreshConst.m; sourceTree = "<group>"; };
		CE09CE4319B810DC0020103E /* MJRefreshFooterView.h */ = {isa = PBXFileReference; fileEncoding = 4; lastKnownFileType = sourcecode.c.h; path = MJRefreshFooterView.h; sourceTree = "<group>"; };
		CE09CE4419B810DC0020103E /* MJRefreshFooterView.m */ = {isa = PBXFileReference; fileEncoding = 4; lastKnownFileType = sourcecode.c.objc; path = MJRefreshFooterView.m; sourceTree = "<group>"; };
		CE09CE4519B810DC0020103E /* MJRefreshHeaderView.h */ = {isa = PBXFileReference; fileEncoding = 4; lastKnownFileType = sourcecode.c.h; path = MJRefreshHeaderView.h; sourceTree = "<group>"; };
		CE09CE4619B810DC0020103E /* MJRefreshHeaderView.m */ = {isa = PBXFileReference; fileEncoding = 4; lastKnownFileType = sourcecode.c.objc; path = MJRefreshHeaderView.m; sourceTree = "<group>"; };
		CE09CE4719B810DC0020103E /* UIScrollView+Extension.h */ = {isa = PBXFileReference; fileEncoding = 4; lastKnownFileType = sourcecode.c.h; path = "UIScrollView+Extension.h"; sourceTree = "<group>"; };
		CE09CE4819B810DC0020103E /* UIScrollView+Extension.m */ = {isa = PBXFileReference; fileEncoding = 4; lastKnownFileType = sourcecode.c.objc; path = "UIScrollView+Extension.m"; sourceTree = "<group>"; };
		CE09CE4919B810DC0020103E /* UIScrollView+MJRefresh.h */ = {isa = PBXFileReference; fileEncoding = 4; lastKnownFileType = sourcecode.c.h; path = "UIScrollView+MJRefresh.h"; sourceTree = "<group>"; };
		CE09CE4A19B810DC0020103E /* UIScrollView+MJRefresh.m */ = {isa = PBXFileReference; fileEncoding = 4; lastKnownFileType = sourcecode.c.objc; path = "UIScrollView+MJRefresh.m"; sourceTree = "<group>"; };
		CE09CE4B19B810DC0020103E /* UIView+Extension.h */ = {isa = PBXFileReference; fileEncoding = 4; lastKnownFileType = sourcecode.c.h; path = "UIView+Extension.h"; sourceTree = "<group>"; };
		CE09CE4C19B810DC0020103E /* UIView+Extension.m */ = {isa = PBXFileReference; fileEncoding = 4; lastKnownFileType = sourcecode.c.objc; path = "UIView+Extension.m"; sourceTree = "<group>"; };
		CE09CE5619B860880020103E /* MKAnnotationView+WebCache.h */ = {isa = PBXFileReference; fileEncoding = 4; lastKnownFileType = sourcecode.c.h; path = "MKAnnotationView+WebCache.h"; sourceTree = "<group>"; };
		CE09CE5719B860880020103E /* MKAnnotationView+WebCache.m */ = {isa = PBXFileReference; fileEncoding = 4; lastKnownFileType = sourcecode.c.objc; path = "MKAnnotationView+WebCache.m"; sourceTree = "<group>"; };
		CE09CE5819B860880020103E /* NSData+ImageContentType.h */ = {isa = PBXFileReference; fileEncoding = 4; lastKnownFileType = sourcecode.c.h; path = "NSData+ImageContentType.h"; sourceTree = "<group>"; };
		CE09CE5919B860880020103E /* NSData+ImageContentType.m */ = {isa = PBXFileReference; fileEncoding = 4; lastKnownFileType = sourcecode.c.objc; path = "NSData+ImageContentType.m"; sourceTree = "<group>"; };
		CE09CE5A19B860880020103E /* SDImageCache.h */ = {isa = PBXFileReference; fileEncoding = 4; lastKnownFileType = sourcecode.c.h; path = SDImageCache.h; sourceTree = "<group>"; };
		CE09CE5B19B860880020103E /* SDImageCache.m */ = {isa = PBXFileReference; fileEncoding = 4; lastKnownFileType = sourcecode.c.objc; path = SDImageCache.m; sourceTree = "<group>"; };
		CE09CE5C19B860880020103E /* SDWebImageCompat.h */ = {isa = PBXFileReference; fileEncoding = 4; lastKnownFileType = sourcecode.c.h; path = SDWebImageCompat.h; sourceTree = "<group>"; };
		CE09CE5D19B860880020103E /* SDWebImageCompat.m */ = {isa = PBXFileReference; fileEncoding = 4; lastKnownFileType = sourcecode.c.objc; path = SDWebImageCompat.m; sourceTree = "<group>"; };
		CE09CE5E19B860880020103E /* SDWebImageDecoder.h */ = {isa = PBXFileReference; fileEncoding = 4; lastKnownFileType = sourcecode.c.h; path = SDWebImageDecoder.h; sourceTree = "<group>"; };
		CE09CE5F19B860880020103E /* SDWebImageDecoder.m */ = {isa = PBXFileReference; fileEncoding = 4; lastKnownFileType = sourcecode.c.objc; path = SDWebImageDecoder.m; sourceTree = "<group>"; };
		CE09CE6019B860880020103E /* SDWebImageDownloader.h */ = {isa = PBXFileReference; fileEncoding = 4; lastKnownFileType = sourcecode.c.h; path = SDWebImageDownloader.h; sourceTree = "<group>"; };
		CE09CE6119B860880020103E /* SDWebImageDownloader.m */ = {isa = PBXFileReference; fileEncoding = 4; lastKnownFileType = sourcecode.c.objc; path = SDWebImageDownloader.m; sourceTree = "<group>"; };
		CE09CE6219B860880020103E /* SDWebImageDownloaderOperation.h */ = {isa = PBXFileReference; fileEncoding = 4; lastKnownFileType = sourcecode.c.h; path = SDWebImageDownloaderOperation.h; sourceTree = "<group>"; };
		CE09CE6319B860880020103E /* SDWebImageDownloaderOperation.m */ = {isa = PBXFileReference; fileEncoding = 4; lastKnownFileType = sourcecode.c.objc; path = SDWebImageDownloaderOperation.m; sourceTree = "<group>"; };
		CE09CE6419B860880020103E /* SDWebImageManager.h */ = {isa = PBXFileReference; fileEncoding = 4; lastKnownFileType = sourcecode.c.h; path = SDWebImageManager.h; sourceTree = "<group>"; };
		CE09CE6519B860880020103E /* SDWebImageManager.m */ = {isa = PBXFileReference; fileEncoding = 4; lastKnownFileType = sourcecode.c.objc; path = SDWebImageManager.m; sourceTree = "<group>"; };
		CE09CE6619B860880020103E /* SDWebImageOperation.h */ = {isa = PBXFileReference; fileEncoding = 4; lastKnownFileType = sourcecode.c.h; path = SDWebImageOperation.h; sourceTree = "<group>"; };
		CE09CE6719B860880020103E /* SDWebImagePrefetcher.h */ = {isa = PBXFileReference; fileEncoding = 4; lastKnownFileType = sourcecode.c.h; path = SDWebImagePrefetcher.h; sourceTree = "<group>"; };
		CE09CE6819B860880020103E /* SDWebImagePrefetcher.m */ = {isa = PBXFileReference; fileEncoding = 4; lastKnownFileType = sourcecode.c.objc; path = SDWebImagePrefetcher.m; sourceTree = "<group>"; };
		CE09CE6919B860880020103E /* UIButton+WebCache.h */ = {isa = PBXFileReference; fileEncoding = 4; lastKnownFileType = sourcecode.c.h; path = "UIButton+WebCache.h"; sourceTree = "<group>"; };
		CE09CE6A19B860880020103E /* UIButton+WebCache.m */ = {isa = PBXFileReference; fileEncoding = 4; lastKnownFileType = sourcecode.c.objc; path = "UIButton+WebCache.m"; sourceTree = "<group>"; };
		CE09CE6B19B860880020103E /* UIImage+GIF.h */ = {isa = PBXFileReference; fileEncoding = 4; lastKnownFileType = sourcecode.c.h; path = "UIImage+GIF.h"; sourceTree = "<group>"; };
		CE09CE6C19B860880020103E /* UIImage+GIF.m */ = {isa = PBXFileReference; fileEncoding = 4; lastKnownFileType = sourcecode.c.objc; path = "UIImage+GIF.m"; sourceTree = "<group>"; };
		CE09CE6D19B860880020103E /* UIImage+MultiFormat.h */ = {isa = PBXFileReference; fileEncoding = 4; lastKnownFileType = sourcecode.c.h; path = "UIImage+MultiFormat.h"; sourceTree = "<group>"; };
		CE09CE6E19B860880020103E /* UIImage+MultiFormat.m */ = {isa = PBXFileReference; fileEncoding = 4; lastKnownFileType = sourcecode.c.objc; path = "UIImage+MultiFormat.m"; sourceTree = "<group>"; };
		CE09CE6F19B860880020103E /* UIImage+WebP.h */ = {isa = PBXFileReference; fileEncoding = 4; lastKnownFileType = sourcecode.c.h; path = "UIImage+WebP.h"; sourceTree = "<group>"; };
		CE09CE7019B860880020103E /* UIImage+WebP.m */ = {isa = PBXFileReference; fileEncoding = 4; lastKnownFileType = sourcecode.c.objc; path = "UIImage+WebP.m"; sourceTree = "<group>"; };
		CE09CE7119B860880020103E /* UIImageView+HighlightedWebCache.h */ = {isa = PBXFileReference; fileEncoding = 4; lastKnownFileType = sourcecode.c.h; path = "UIImageView+HighlightedWebCache.h"; sourceTree = "<group>"; };
		CE09CE7219B860880020103E /* UIImageView+HighlightedWebCache.m */ = {isa = PBXFileReference; fileEncoding = 4; lastKnownFileType = sourcecode.c.objc; path = "UIImageView+HighlightedWebCache.m"; sourceTree = "<group>"; };
		CE09CE7319B860880020103E /* UIImageView+WebCache.h */ = {isa = PBXFileReference; fileEncoding = 4; lastKnownFileType = sourcecode.c.h; path = "UIImageView+WebCache.h"; sourceTree = "<group>"; };
		CE09CE7419B860880020103E /* UIImageView+WebCache.m */ = {isa = PBXFileReference; fileEncoding = 4; lastKnownFileType = sourcecode.c.objc; path = "UIImageView+WebCache.m"; sourceTree = "<group>"; };
		CE09CE7519B860880020103E /* UIView+WebCacheOperation.h */ = {isa = PBXFileReference; fileEncoding = 4; lastKnownFileType = sourcecode.c.h; path = "UIView+WebCacheOperation.h"; sourceTree = "<group>"; };
		CE09CE7619B860880020103E /* UIView+WebCacheOperation.m */ = {isa = PBXFileReference; fileEncoding = 4; lastKnownFileType = sourcecode.c.objc; path = "UIView+WebCacheOperation.m"; sourceTree = "<group>"; };
		CE771D7319B98A1600AF1F4B /* a2@2x.png */ = {isa = PBXFileReference; lastKnownFileType = image.png; path = "a2@2x.png"; sourceTree = "<group>"; };
		CE771D7419B98A1600AF1F4B /* btn_bg1@2x.png */ = {isa = PBXFileReference; lastKnownFileType = image.png; path = "btn_bg1@2x.png"; sourceTree = "<group>"; };
		CE771D7719B98AE100AF1F4B /* CustomTabBarUp.h */ = {isa = PBXFileReference; fileEncoding = 4; lastKnownFileType = sourcecode.c.h; path = CustomTabBarUp.h; sourceTree = "<group>"; };
		CE771D7819B98AE100AF1F4B /* CustomTabBarUp.m */ = {isa = PBXFileReference; fileEncoding = 4; lastKnownFileType = sourcecode.c.objc; path = CustomTabBarUp.m; sourceTree = "<group>"; };
		CEF3161119B4049900004A02 /* NewsCell.xib */ = {isa = PBXFileReference; fileEncoding = 4; lastKnownFileType = file.xib; path = NewsCell.xib; sourceTree = "<group>"; };
		CEF3161319B404C800004A02 /* NewsCell.h */ = {isa = PBXFileReference; fileEncoding = 4; lastKnownFileType = sourcecode.c.h; path = NewsCell.h; sourceTree = "<group>"; };
		CEF3161419B404C800004A02 /* NewsCell.m */ = {isa = PBXFileReference; fileEncoding = 4; lastKnownFileType = sourcecode.c.objc; path = NewsCell.m; sourceTree = "<group>"; };
		CEF60B9E19B01866003FE24A /* GDataXMLNode.h */ = {isa = PBXFileReference; fileEncoding = 4; lastKnownFileType = sourcecode.c.h; path = GDataXMLNode.h; sourceTree = "<group>"; };
		CEF60B9F19B01866003FE24A /* GDataXMLNode.m */ = {isa = PBXFileReference; fileEncoding = 4; lastKnownFileType = sourcecode.c.objc; path = GDataXMLNode.m; sourceTree = "<group>"; };
		CEF60BBF19B01922003FE24A /* libxml2.dylib */ = {isa = PBXFileReference; lastKnownFileType = "compiled.mach-o.dylib"; name = libxml2.dylib; path = usr/lib/libxml2.dylib; sourceTree = SDKROOT; };
		CEF60BC119B01D3F003FE24A /* NewsModel.h */ = {isa = PBXFileReference; fileEncoding = 4; lastKnownFileType = sourcecode.c.h; path = NewsModel.h; sourceTree = "<group>"; };
		CEF60BC219B01D3F003FE24A /* NewsModel.m */ = {isa = PBXFileReference; fileEncoding = 4; lastKnownFileType = sourcecode.c.objc; path = NewsModel.m; sourceTree = "<group>"; };
		CEFAC86F199C5FD800AEA8FF /* Custom.h */ = {isa = PBXFileReference; fileEncoding = 4; lastKnownFileType = sourcecode.c.h; path = Custom.h; sourceTree = "<group>"; };
		CEFAC870199C5FD800AEA8FF /* Custom.m */ = {isa = PBXFileReference; fileEncoding = 4; lastKnownFileType = sourcecode.c.objc; path = Custom.m; sourceTree = "<group>"; };
		CEFAC872199C643000AEA8FF /* JHTableView.h */ = {isa = PBXFileReference; fileEncoding = 4; lastKnownFileType = sourcecode.c.h; path = JHTableView.h; sourceTree = "<group>"; };
		CEFAC873199C643000AEA8FF /* JHTableView.m */ = {isa = PBXFileReference; fileEncoding = 4; lastKnownFileType = sourcecode.c.objc; path = JHTableView.m; sourceTree = "<group>"; };
		CEFB574919AF171A00023E63 /* JHHttpRequest.h */ = {isa = PBXFileReference; fileEncoding = 4; lastKnownFileType = sourcecode.c.h; path = JHHttpRequest.h; sourceTree = "<group>"; };
		CEFB574A19AF171A00023E63 /* JHHttpRequest.m */ = {isa = PBXFileReference; fileEncoding = 4; lastKnownFileType = sourcecode.c.objc; path = JHHttpRequest.m; sourceTree = "<group>"; };
		CEFB574C19AF194E00023E63 /* JHHRequestManager.h */ = {isa = PBXFileReference; fileEncoding = 4; lastKnownFileType = sourcecode.c.h; path = JHHRequestManager.h; sourceTree = "<group>"; };
		CEFB574D19AF194E00023E63 /* JHHRequestManager.m */ = {isa = PBXFileReference; fileEncoding = 4; lastKnownFileType = sourcecode.c.objc; path = JHHRequestManager.m; sourceTree = "<group>"; };
		CEFBD723199DD94900B8F4C2 /* NavButtonModel.h */ = {isa = PBXFileReference; fileEncoding = 4; lastKnownFileType = sourcecode.c.h; path = NavButtonModel.h; sourceTree = "<group>"; };
		CEFBD724199DD94900B8F4C2 /* NavButtonModel.m */ = {isa = PBXFileReference; fileEncoding = 4; lastKnownFileType = sourcecode.c.objc; path = NavButtonModel.m; sourceTree = "<group>"; };
		CEFBD726199DE9F800B8F4C2 /* NewsViewController.h */ = {isa = PBXFileReference; fileEncoding = 4; lastKnownFileType = sourcecode.c.h; path = NewsViewController.h; sourceTree = "<group>"; };
		CEFBD727199DE9F800B8F4C2 /* NewsViewController.m */ = {isa = PBXFileReference; fileEncoding = 4; lastKnownFileType = sourcecode.c.objc; path = NewsViewController.m; sourceTree = "<group>"; };
		CEFBD729199DEA1700B8F4C2 /* MarketViewController.h */ = {isa = PBXFileReference; fileEncoding = 4; lastKnownFileType = sourcecode.c.h; path = MarketViewController.h; sourceTree = "<group>"; };
		CEFBD72A199DEA1700B8F4C2 /* MarketViewController.m */ = {isa = PBXFileReference; fileEncoding = 4; lastKnownFileType = sourcecode.c.objc; path = MarketViewController.m; sourceTree = "<group>"; };
		CEFBD72C199DEA2800B8F4C2 /* VideoViewController.h */ = {isa = PBXFileReference; fileEncoding = 4; lastKnownFileType = sourcecode.c.h; path = VideoViewController.h; sourceTree = "<group>"; };
		CEFBD72D199DEA2800B8F4C2 /* VideoViewController.m */ = {isa = PBXFileReference; fileEncoding = 4; lastKnownFileType = sourcecode.c.objc; path = VideoViewController.m; sourceTree = "<group>"; };
		CEFBD72F199DEA3D00B8F4C2 /* PictureViewController.h */ = {isa = PBXFileReference; fileEncoding = 4; lastKnownFileType = sourcecode.c.h; path = PictureViewController.h; sourceTree = "<group>"; };
		CEFBD730199DEA3D00B8F4C2 /* PictureViewController.m */ = {isa = PBXFileReference; fileEncoding = 4; lastKnownFileType = sourcecode.c.objc; path = PictureViewController.m; sourceTree = "<group>"; };
		CEFBD732199DEA4D00B8F4C2 /* SettingViewController.h */ = {isa = PBXFileReference; fileEncoding = 4; lastKnownFileType = sourcecode.c.h; path = SettingViewController.h; sourceTree = "<group>"; };
		CEFBD733199DEA4D00B8F4C2 /* SettingViewController.m */ = {isa = PBXFileReference; fileEncoding = 4; lastKnownFileType = sourcecode.c.objc; path = SettingViewController.m; sourceTree = "<group>"; };
		CEFBD735199DEA7200B8F4C2 /* PictureDetailViewController.h */ = {isa = PBXFileReference; fileEncoding = 4; lastKnownFileType = sourcecode.c.h; path = PictureDetailViewController.h; sourceTree = "<group>"; };
		CEFBD736199DEA7200B8F4C2 /* PictureDetailViewController.m */ = {isa = PBXFileReference; fileEncoding = 4; lastKnownFileType = sourcecode.c.objc; path = PictureDetailViewController.m; sourceTree = "<group>"; };
		CEFBD738199DEAAC00B8F4C2 /* CustomTabBarController.h */ = {isa = PBXFileReference; fileEncoding = 4; lastKnownFileType = sourcecode.c.h; path = CustomTabBarController.h; sourceTree = "<group>"; };
		CEFBD739199DEAAC00B8F4C2 /* CustomTabBarController.m */ = {isa = PBXFileReference; fileEncoding = 4; lastKnownFileType = sourcecode.c.objc; path = CustomTabBarController.m; sourceTree = "<group>"; };
		CEFBD73B199DECBA00B8F4C2 /* CustomTabBar.h */ = {isa = PBXFileReference; fileEncoding = 4; lastKnownFileType = sourcecode.c.h; path = CustomTabBar.h; sourceTree = "<group>"; };
		CEFBD73C199DECBA00B8F4C2 /* CustomTabBar.m */ = {isa = PBXFileReference; fileEncoding = 4; lastKnownFileType = sourcecode.c.objc; path = CustomTabBar.m; sourceTree = "<group>"; };
		CEFBD73E199DFDD000B8F4C2 /* tabBar.plist */ = {isa = PBXFileReference; fileEncoding = 4; lastKnownFileType = text.plist.xml; path = tabBar.plist; sourceTree = "<group>"; };
		CEFDF3E3199DA1D200B921D1 /* DEFINE.h */ = {isa = PBXFileReference; lastKnownFileType = sourcecode.c.h; path = DEFINE.h; sourceTree = "<group>"; };
		CEFDF3E5199DB70200B921D1 /* naviback_n@2x.png */ = {isa = PBXFileReference; lastKnownFileType = image.png; path = "naviback_n@2x.png"; sourceTree = "<group>"; };
		CEFDF3E6199DB70200B921D1 /* navibarbackground@2x.png */ = {isa = PBXFileReference; lastKnownFileType = image.png; path = "navibarbackground@2x.png"; sourceTree = "<group>"; };
		CEFDF3E8199DB70200B921D1 /* comBtn.png */ = {isa = PBXFileReference; lastKnownFileType = image.png; path = comBtn.png; sourceTree = "<group>"; };
		CEFDF3E9199DB70200B921D1 /* favorite1.png */ = {isa = PBXFileReference; lastKnownFileType = image.png; path = favorite1.png; sourceTree = "<group>"; };
		CEFDF3EA199DB70200B921D1 /* favorite2.png */ = {isa = PBXFileReference; lastKnownFileType = image.png; path = favorite2.png; sourceTree = "<group>"; };
		CEFDF3EB199DB70200B921D1 /* photo_down.png */ = {isa = PBXFileReference; lastKnownFileType = image.png; path = photo_down.png; sourceTree = "<group>"; };
		CEFDF3EC199DB70200B921D1 /* returnBackground.png */ = {isa = PBXFileReference; lastKnownFileType = image.png; path = returnBackground.png; sourceTree = "<group>"; };
		CEFDF3ED199DB70200B921D1 /* searchItem.png */ = {isa = PBXFileReference; lastKnownFileType = image.png; path = searchItem.png; sourceTree = "<group>"; };
		CEFDF3EE199DB70200B921D1 /* share.png */ = {isa = PBXFileReference; lastKnownFileType = image.png; path = share.png; sourceTree = "<group>"; };
		CEFDF3F0199DB70200B921D1 /* AppIcon57x57.png */ = {isa = PBXFileReference; lastKnownFileType = image.png; path = AppIcon57x57.png; sourceTree = "<group>"; };
		CEFDF3F1199DB70200B921D1 /* AppIcon57x57@2x.png */ = {isa = PBXFileReference; lastKnownFileType = image.png; path = "AppIcon57x57@2x.png"; sourceTree = "<group>"; };
		CEFDF3F2199DB70200B921D1 /* btnI-h.png */ = {isa = PBXFileReference; lastKnownFileType = image.png; path = "btnI-h.png"; sourceTree = "<group>"; };
		CEFDF3F3199DB70200B921D1 /* btnI-n.png */ = {isa = PBXFileReference; lastKnownFileType = image.png; path = "btnI-n.png"; sourceTree = "<group>"; };
		CEFDF3F4199DB70200B921D1 /* btnM-h.png */ = {isa = PBXFileReference; lastKnownFileType = image.png; path = "btnM-h.png"; sourceTree = "<group>"; };
		CEFDF3F5199DB70200B921D1 /* btnM-n.png */ = {isa = PBXFileReference; lastKnownFileType = image.png; path = "btnM-n.png"; sourceTree = "<group>"; };
		CEFDF3F6199DB70200B921D1 /* btnP-h.png */ = {isa = PBXFileReference; lastKnownFileType = image.png; path = "btnP-h.png"; sourceTree = "<group>"; };
		CEFDF3F7199DB70200B921D1 /* btnP-n.png */ = {isa = PBXFileReference; lastKnownFileType = image.png; path = "btnP-n.png"; sourceTree = "<group>"; };
		CEFDF3F8199DB70200B921D1 /* btnQ-h.png */ = {isa = PBXFileReference; lastKnownFileType = image.png; path = "btnQ-h.png"; sourceTree = "<group>"; };
		CEFDF3F9199DB70200B921D1 /* btnQ-n.png */ = {isa = PBXFileReference; lastKnownFileType = image.png; path = "btnQ-n.png"; sourceTree = "<group>"; };
		CEFDF3FA199DB70200B921D1 /* btnV-h.png */ = {isa = PBXFileReference; lastKnownFileType = image.png; path = "btnV-h.png"; sourceTree = "<group>"; };
		CEFDF3FB199DB70200B921D1 /* btnV-n.png */ = {isa = PBXFileReference; lastKnownFileType = image.png; path = "btnV-n.png"; sourceTree = "<group>"; };
/* End PBXFileReference section */

/* Begin PBXFrameworksBuildPhase section */
		CE08A32B199B529500A9489A /* Frameworks */ = {
			isa = PBXFrameworksBuildPhase;
			buildActionMask = 2147483647;
			files = (
				CEF60BC019B01922003FE24A /* libxml2.dylib in Frameworks */,
				CE08A334199B529500A9489A /* CoreGraphics.framework in Frameworks */,
				CE08A336199B529500A9489A /* UIKit.framework in Frameworks */,
				CE08A332199B529500A9489A /* Foundation.framework in Frameworks */,
			);
			runOnlyForDeploymentPostprocessing = 0;
		};
		CE08A346199B529500A9489A /* Frameworks */ = {
			isa = PBXFrameworksBuildPhase;
			buildActionMask = 2147483647;
			files = (
				CE08A34B199B529500A9489A /* XCTest.framework in Frameworks */,
				CE08A34D199B529500A9489A /* UIKit.framework in Frameworks */,
				CE08A34C199B529500A9489A /* Foundation.framework in Frameworks */,
			);
			runOnlyForDeploymentPostprocessing = 0;
		};
/* End PBXFrameworksBuildPhase section */

/* Begin PBXGroup section */
		CE08A325199B529500A9489A = {
			isa = PBXGroup;
			children = (
				CE08A337199B529500A9489A /* Newss */,
				CE08A350199B529500A9489A /* NewssTests */,
				CE08A330199B529500A9489A /* Frameworks */,
				CE08A32F199B529500A9489A /* Products */,
			);
			sourceTree = "<group>";
		};
		CE08A32F199B529500A9489A /* Products */ = {
			isa = PBXGroup;
			children = (
				CE08A32E199B529500A9489A /* Newss.app */,
				CE08A349199B529500A9489A /* NewssTests.xctest */,
			);
			name = Products;
			sourceTree = "<group>";
		};
		CE08A330199B529500A9489A /* Frameworks */ = {
			isa = PBXGroup;
			children = (
				CEF60BBF19B01922003FE24A /* libxml2.dylib */,
				CE08A331199B529500A9489A /* Foundation.framework */,
				CE08A333199B529500A9489A /* CoreGraphics.framework */,
				CE08A335199B529500A9489A /* UIKit.framework */,
				CE08A34A199B529500A9489A /* XCTest.framework */,
			);
			name = Frameworks;
			sourceTree = "<group>";
		};
		CE08A337199B529500A9489A /* Newss */ = {
			isa = PBXGroup;
			children = (
				CEF60B9C19B0184D003FE24A /* Libs */,
				CEFAC86C199C5DCE00AEA8FF /* Utility */,
				CEFAC86B199C5DBC00AEA8FF /* Controllers */,
				CEFAC86A199C5DB400AEA8FF /* Views */,
				CEFAC869199C5CF200AEA8FF /* Models */,
				CE08A340199B529500A9489A /* AppDelegate.h */,
				CE08A341199B529500A9489A /* AppDelegate.m */,
				CE08A343199B529500A9489A /* Images.xcassets */,
				CE08A338199B529500A9489A /* Supporting Files */,
			);
			path = Newss;
			sourceTree = "<group>";
		};
		CE08A338199B529500A9489A /* Supporting Files */ = {
			isa = PBXGroup;
			children = (
				CE771D7319B98A1600AF1F4B /* a2@2x.png */,
				CE771D7419B98A1600AF1F4B /* btn_bg1@2x.png */,
				CEFDF3E4199DB70200B921D1 /* nav */,
				CEFDF3E7199DB70200B921D1 /* navItemimage */,
				CEFDF3EF199DB70200B921D1 /* tabimage */,
				CE08A339199B529500A9489A /* Newss-Info.plist */,
				CE08A33A199B529500A9489A /* InfoPlist.strings */,
				CE08A33D199B529500A9489A /* main.m */,
				CE08A33F199B529500A9489A /* Newss-Prefix.pch */,
			);
			name = "Supporting Files";
			sourceTree = "<group>";
		};
		CE08A350199B529500A9489A /* NewssTests */ = {
			isa = PBXGroup;
			children = (
				CE08A356199B529500A9489A /* NewssTests.m */,
				CE08A351199B529500A9489A /* Supporting Files */,
			);
			path = NewssTests;
			sourceTree = "<group>";
		};
		CE08A351199B529500A9489A /* Supporting Files */ = {
			isa = PBXGroup;
			children = (
				CE08A352199B529500A9489A /* NewssTests-Info.plist */,
				CE08A353199B529500A9489A /* InfoPlist.strings */,
			);
			name = "Supporting Files";
			sourceTree = "<group>";
		};
		CE09CE3C19B810DC0020103E /* MJRefresh */ = {
			isa = PBXGroup;
			children = (
				CE09CE3D19B810DC0020103E /* MJRefresh.bundle */,
				CE09CE3E19B810DC0020103E /* MJRefresh.h */,
				CE09CE3F19B810DC0020103E /* MJRefreshBaseView.h */,
				CE09CE4019B810DC0020103E /* MJRefreshBaseView.m */,
				CE09CE4119B810DC0020103E /* MJRefreshConst.h */,
				CE09CE4219B810DC0020103E /* MJRefreshConst.m */,
				CE09CE4319B810DC0020103E /* MJRefreshFooterView.h */,
				CE09CE4419B810DC0020103E /* MJRefreshFooterView.m */,
				CE09CE4519B810DC0020103E /* MJRefreshHeaderView.h */,
				CE09CE4619B810DC0020103E /* MJRefreshHeaderView.m */,
				CE09CE4719B810DC0020103E /* UIScrollView+Extension.h */,
				CE09CE4819B810DC0020103E /* UIScrollView+Extension.m */,
				CE09CE4919B810DC0020103E /* UIScrollView+MJRefresh.h */,
				CE09CE4A19B810DC0020103E /* UIScrollView+MJRefresh.m */,
				CE09CE4B19B810DC0020103E /* UIView+Extension.h */,
				CE09CE4C19B810DC0020103E /* UIView+Extension.m */,
			);
			path = MJRefresh;
			sourceTree = "<group>";
		};
		CE09CE5519B860880020103E /* SDWebImagee */ = {
			isa = PBXGroup;
			children = (
				CE09CE5619B860880020103E /* MKAnnotationView+WebCache.h */,
				CE09CE5719B860880020103E /* MKAnnotationView+WebCache.m */,
				CE09CE5819B860880020103E /* NSData+ImageContentType.h */,
				CE09CE5919B860880020103E /* NSData+ImageContentType.m */,
				CE09CE5A19B860880020103E /* SDImageCache.h */,
				CE09CE5B19B860880020103E /* SDImageCache.m */,
				CE09CE5C19B860880020103E /* SDWebImageCompat.h */,
				CE09CE5D19B860880020103E /* SDWebImageCompat.m */,
				CE09CE5E19B860880020103E /* SDWebImageDecoder.h */,
				CE09CE5F19B860880020103E /* SDWebImageDecoder.m */,
				CE09CE6019B860880020103E /* SDWebImageDownloader.h */,
				CE09CE6119B860880020103E /* SDWebImageDownloader.m */,
				CE09CE6219B860880020103E /* SDWebImageDownloaderOperation.h */,
				CE09CE6319B860880020103E /* SDWebImageDownloaderOperation.m */,
				CE09CE6419B860880020103E /* SDWebImageManager.h */,
				CE09CE6519B860880020103E /* SDWebImageManager.m */,
				CE09CE6619B860880020103E /* SDWebImageOperation.h */,
				CE09CE6719B860880020103E /* SDWebImagePrefetcher.h */,
				CE09CE6819B860880020103E /* SDWebImagePrefetcher.m */,
				CE09CE6919B860880020103E /* UIButton+WebCache.h */,
				CE09CE6A19B860880020103E /* UIButton+WebCache.m */,
				CE09CE6B19B860880020103E /* UIImage+GIF.h */,
				CE09CE6C19B860880020103E /* UIImage+GIF.m */,
				CE09CE6D19B860880020103E /* UIImage+MultiFormat.h */,
				CE09CE6E19B860880020103E /* UIImage+MultiFormat.m */,
				CE09CE6F19B860880020103E /* UIImage+WebP.h */,
				CE09CE7019B860880020103E /* UIImage+WebP.m */,
				CE09CE7119B860880020103E /* UIImageView+HighlightedWebCache.h */,
				CE09CE7219B860880020103E /* UIImageView+HighlightedWebCache.m */,
				CE09CE7319B860880020103E /* UIImageView+WebCache.h */,
				CE09CE7419B860880020103E /* UIImageView+WebCache.m */,
				CE09CE7519B860880020103E /* UIView+WebCacheOperation.h */,
				CE09CE7619B860880020103E /* UIView+WebCacheOperation.m */,
			);
			path = SDWebImagee;
			sourceTree = "<group>";
		};
		CEF60B9C19B0184D003FE24A /* Libs */ = {
			isa = PBXGroup;
			children = (
				CE09CE5519B860880020103E /* SDWebImagee */,
				CE09CE3C19B810DC0020103E /* MJRefresh */,
				CEF60B9D19B01866003FE24A /* GData */,
			);
			name = Libs;
			sourceTree = "<group>";
		};
		CEF60B9D19B01866003FE24A /* GData */ = {
			isa = PBXGroup;
			children = (
				CEF60B9E19B01866003FE24A /* GDataXMLNode.h */,
				CEF60B9F19B01866003FE24A /* GDataXMLNode.m */,
			);
			path = GData;
			sourceTree = "<group>";
		};
		CEFAC869199C5CF200AEA8FF /* Models */ = {
			isa = PBXGroup;
			children = (
				CEFBD723199DD94900B8F4C2 /* NavButtonModel.h */,
				CEFBD724199DD94900B8F4C2 /* NavButtonModel.m */,
				CEF60BC119B01D3F003FE24A /* NewsModel.h */,
				CEF60BC219B01D3F003FE24A /* NewsModel.m */,
			);
			name = Models;
			sourceTree = "<group>";
		};
		CEFAC86A199C5DB400AEA8FF /* Views */ = {
			isa = PBXGroup;
			children = (
				CEFAC872199C643000AEA8FF /* JHTableView.h */,
				CEFAC873199C643000AEA8FF /* JHTableView.m */,
				CEFBD73B199DECBA00B8F4C2 /* CustomTabBar.h */,
				CEFBD73C199DECBA00B8F4C2 /* CustomTabBar.m */,
				CEF3161119B4049900004A02 /* NewsCell.xib */,
				CEF3161319B404C800004A02 /* NewsCell.h */,
				CEF3161419B404C800004A02 /* NewsCell.m */,
				CE771D7719B98AE100AF1F4B /* CustomTabBarUp.h */,
				CE771D7819B98AE100AF1F4B /* CustomTabBarUp.m */,
			);
			name = Views;
			sourceTree = "<group>";
		};
		CEFAC86B199C5DBC00AEA8FF /* Controllers */ = {
			isa = PBXGroup;
			children = (
				CE08A360199B547300A9489A /* RootViewController.h */,
				CE08A361199B547300A9489A /* RootViewController.m */,
				CEFBD726199DE9F800B8F4C2 /* NewsViewController.h */,
				CEFBD727199DE9F800B8F4C2 /* NewsViewController.m */,
				CEFBD729199DEA1700B8F4C2 /* MarketViewController.h */,
				CEFBD72A199DEA1700B8F4C2 /* MarketViewController.m */,
				CEFBD72C199DEA2800B8F4C2 /* VideoViewController.h */,
				CEFBD72D199DEA2800B8F4C2 /* VideoViewController.m */,
				CEFBD72F199DEA3D00B8F4C2 /* PictureViewController.h */,
				CEFBD730199DEA3D00B8F4C2 /* PictureViewController.m */,
				CEFBD732199DEA4D00B8F4C2 /* SettingViewController.h */,
				CEFBD733199DEA4D00B8F4C2 /* SettingViewController.m */,
				CEFBD735199DEA7200B8F4C2 /* PictureDetailViewController.h */,
				CEFBD736199DEA7200B8F4C2 /* PictureDetailViewController.m */,
				CEFBD738199DEAAC00B8F4C2 /* CustomTabBarController.h */,
				CEFBD739199DEAAC00B8F4C2 /* CustomTabBarController.m */,
			);
			name = Controllers;
			sourceTree = "<group>";
		};
		CEFAC86C199C5DCE00AEA8FF /* Utility */ = {
			isa = PBXGroup;
			children = (
				CEFB574819AF168F00023E63 /* net */,
				CEFAC86E199C5DF400AEA8FF /* Net */,
				CEFAC86D199C5DEB00AEA8FF /* DB */,
				CEFAC86F199C5FD800AEA8FF /* Custom.h */,
				CEFAC870199C5FD800AEA8FF /* Custom.m */,
				CEFDF3E3199DA1D200B921D1 /* DEFINE.h */,
			);
			name = Utility;
			sourceTree = "<group>";
		};
		CEFAC86D199C5DEB00AEA8FF /* DB */ = {
			isa = PBXGroup;
			children = (
			);
			name = DB;
			sourceTree = "<group>";
		};
		CEFAC86E199C5DF400AEA8FF /* Net */ = {
			isa = PBXGroup;
			children = (
			);
			name = Net;
			sourceTree = "<group>";
		};
		CEFB574819AF168F00023E63 /* net */ = {
			isa = PBXGroup;
			children = (
				CEFB574919AF171A00023E63 /* JHHttpRequest.h */,
				CEFB574A19AF171A00023E63 /* JHHttpRequest.m */,
				CEFB574C19AF194E00023E63 /* JHHRequestManager.h */,
				CEFB574D19AF194E00023E63 /* JHHRequestManager.m */,
			);
			name = net;
			sourceTree = "<group>";
		};
		CEFDF3E4199DB70200B921D1 /* nav */ = {
			isa = PBXGroup;
			children = (
				CEFDF3E5199DB70200B921D1 /* naviback_n@2x.png */,
				CEFDF3E6199DB70200B921D1 /* navibarbackground@2x.png */,
			);
			path = nav;
			sourceTree = "<group>";
		};
		CEFDF3E7199DB70200B921D1 /* navItemimage */ = {
			isa = PBXGroup;
			children = (
				CEFDF3E8199DB70200B921D1 /* comBtn.png */,
				CEFDF3E9199DB70200B921D1 /* favorite1.png */,
				CEFDF3EA199DB70200B921D1 /* favorite2.png */,
				CEFDF3EB199DB70200B921D1 /* photo_down.png */,
				CEFDF3EC199DB70200B921D1 /* returnBackground.png */,
				CEFDF3ED199DB70200B921D1 /* searchItem.png */,
				CEFDF3EE199DB70200B921D1 /* share.png */,
			);
			path = navItemimage;
			sourceTree = "<group>";
		};
		CEFDF3EF199DB70200B921D1 /* tabimage */ = {
			isa = PBXGroup;
			children = (
				CEFBD73E199DFDD000B8F4C2 /* tabBar.plist */,
				CEFDF3F0199DB70200B921D1 /* AppIcon57x57.png */,
				CEFDF3F1199DB70200B921D1 /* AppIcon57x57@2x.png */,
				CEFDF3F2199DB70200B921D1 /* btnI-h.png */,
				CEFDF3F3199DB70200B921D1 /* btnI-n.png */,
				CEFDF3F4199DB70200B921D1 /* btnM-h.png */,
				CEFDF3F5199DB70200B921D1 /* btnM-n.png */,
				CEFDF3F6199DB70200B921D1 /* btnP-h.png */,
				CEFDF3F7199DB70200B921D1 /* btnP-n.png */,
				CEFDF3F8199DB70200B921D1 /* btnQ-h.png */,
				CEFDF3F9199DB70200B921D1 /* btnQ-n.png */,
				CEFDF3FA199DB70200B921D1 /* btnV-h.png */,
				CEFDF3FB199DB70200B921D1 /* btnV-n.png */,
			);
			path = tabimage;
			sourceTree = "<group>";
		};
/* End PBXGroup section */

/* Begin PBXNativeTarget section */
		CE08A32D199B529500A9489A /* Newss */ = {
			isa = PBXNativeTarget;
			buildConfigurationList = CE08A35A199B529500A9489A /* Build configuration list for PBXNativeTarget "Newss" */;
			buildPhases = (
				CE08A32A199B529500A9489A /* Sources */,
				CE08A32B199B529500A9489A /* Frameworks */,
				CE08A32C199B529500A9489A /* Resources */,
			);
			buildRules = (
			);
			dependencies = (
			);
			name = Newss;
			productName = Newss;
			productReference = CE08A32E199B529500A9489A /* Newss.app */;
			productType = "com.apple.product-type.application";
		};
		CE08A348199B529500A9489A /* NewssTests */ = {
			isa = PBXNativeTarget;
			buildConfigurationList = CE08A35D199B529500A9489A /* Build configuration list for PBXNativeTarget "NewssTests" */;
			buildPhases = (
				CE08A345199B529500A9489A /* Sources */,
				CE08A346199B529500A9489A /* Frameworks */,
				CE08A347199B529500A9489A /* Resources */,
			);
			buildRules = (
			);
			dependencies = (
				CE08A34F199B529500A9489A /* PBXTargetDependency */,
			);
			name = NewssTests;
			productName = NewssTests;
			productReference = CE08A349199B529500A9489A /* NewssTests.xctest */;
			productType = "com.apple.product-type.bundle.unit-test";
		};
/* End PBXNativeTarget section */

/* Begin PBXProject section */
		CE08A326199B529500A9489A /* Project object */ = {
			isa = PBXProject;
			attributes = {
				LastUpgradeCheck = 0510;
				ORGANIZATIONNAME = Janlent;
				TargetAttributes = {
					CE08A348199B529500A9489A = {
						TestTargetID = CE08A32D199B529500A9489A;
					};
				};
			};
			buildConfigurationList = CE08A329199B529500A9489A /* Build configuration list for PBXProject "Newss" */;
			compatibilityVersion = "Xcode 3.2";
			developmentRegion = English;
			hasScannedForEncodings = 0;
			knownRegions = (
				en,
			);
			mainGroup = CE08A325199B529500A9489A;
			productRefGroup = CE08A32F199B529500A9489A /* Products */;
			projectDirPath = "";
			projectRoot = "";
			targets = (
				CE08A32D199B529500A9489A /* Newss */,
				CE08A348199B529500A9489A /* NewssTests */,
			);
		};
/* End PBXProject section */

/* Begin PBXResourcesBuildPhase section */
		CE08A32C199B529500A9489A /* Resources */ = {
			isa = PBXResourcesBuildPhase;
			buildActionMask = 2147483647;
			files = (
				CEFDF402199DB70200B921D1 /* returnBackground.png in Resources */,
				CEFDF405199DB70200B921D1 /* AppIcon57x57.png in Resources */,
				CE09CE4D19B810DC0020103E /* MJRefresh.bundle in Resources */,
				CEFBD73F199DFDD000B8F4C2 /* tabBar.plist in Resources */,
				CEFDF3FD199DB70200B921D1 /* navibarbackground@2x.png in Resources */,
				CEFDF40D199DB70200B921D1 /* btnQ-h.png in Resources */,
				CE771D7519B98A1600AF1F4B /* a2@2x.png in Resources */,
				CEF3161219B4049900004A02 /* NewsCell.xib in Resources */,
				CEFDF409199DB70200B921D1 /* btnM-h.png in Resources */,
				CEFDF408199DB70200B921D1 /* btnI-n.png in Resources */,
				CEFDF400199DB70200B921D1 /* favorite2.png in Resources */,
				CEFDF401199DB70200B921D1 /* photo_down.png in Resources */,
				CEFDF404199DB70200B921D1 /* share.png in Resources */,
				CEFDF403199DB70200B921D1 /* searchItem.png in Resources */,
				CEFDF410199DB70200B921D1 /* btnV-n.png in Resources */,
				CEFDF3FF199DB70200B921D1 /* favorite1.png in Resources */,
				CE08A33C199B529500A9489A /* InfoPlist.strings in Resources */,
				CEFDF40F199DB70200B921D1 /* btnV-h.png in Resources */,
				CEFDF40A199DB70200B921D1 /* btnM-n.png in Resources */,
				CEFDF40B199DB70200B921D1 /* btnP-h.png in Resources */,
				CEFDF406199DB70200B921D1 /* AppIcon57x57@2x.png in Resources */,
				CEFDF40C199DB70200B921D1 /* btnP-n.png in Resources */,
				CEFDF3FC199DB70200B921D1 /* naviback_n@2x.png in Resources */,
				CE08A344199B529500A9489A /* Images.xcassets in Resources */,
				CE771D7619B98A1600AF1F4B /* btn_bg1@2x.png in Resources */,
				CEFDF40E199DB70200B921D1 /* btnQ-n.png in Resources */,
				CEFDF3FE199DB70200B921D1 /* comBtn.png in Resources */,
				CEFDF407199DB70200B921D1 /* btnI-h.png in Resources */,
			);
			runOnlyForDeploymentPostprocessing = 0;
		};
		CE08A347199B529500A9489A /* Resources */ = {
			isa = PBXResourcesBuildPhase;
			buildActionMask = 2147483647;
			files = (
				CE08A355199B529500A9489A /* InfoPlist.strings in Resources */,
			);
			runOnlyForDeploymentPostprocessing = 0;
		};
/* End PBXResourcesBuildPhase section */

/* Begin PBXSourcesBuildPhase section */
		CE08A32A199B529500A9489A /* Sources */ = {
			isa = PBXSourcesBuildPhase;
			buildActionMask = 2147483647;
			files = (
				CE09CE7D19B860880020103E /* SDWebImageDownloaderOperation.m in Sources */,
				CE09CE8319B860880020103E /* UIImage+WebP.m in Sources */,
				CE09CE7F19B860880020103E /* SDWebImagePrefetcher.m in Sources */,
				CE08A342199B529500A9489A /* AppDelegate.m in Sources */,
				CE09CE7919B860880020103E /* SDImageCache.m in Sources */,
				CE09CE7E19B860880020103E /* SDWebImageManager.m in Sources */,
				CEFB574B19AF171A00023E63 /* JHHttpRequest.m in Sources */,
				CEFBD731199DEA3D00B8F4C2 /* PictureViewController.m in Sources */,
				CEF60BC319B01D3F003FE24A /* NewsModel.m in Sources */,
				CE09CE5119B810DC0020103E /* MJRefreshHeaderView.m in Sources */,
				CE09CE8619B860880020103E /* UIView+WebCacheOperation.m in Sources */,
				CE09CE5219B810DC0020103E /* UIScrollView+Extension.m in Sources */,
				CE09CE7A19B860880020103E /* SDWebImageCompat.m in Sources */,
				CE09CE4E19B810DC0020103E /* MJRefreshBaseView.m in Sources */,
				CE08A33E199B529500A9489A /* main.m in Sources */,
				CE09CE7B19B860880020103E /* SDWebImageDecoder.m in Sources */,
				CEFBD73A199DEAAC00B8F4C2 /* CustomTabBarController.m in Sources */,
				CE09CE5319B810DC0020103E /* UIScrollView+MJRefresh.m in Sources */,
				CEFBD72E199DEA2800B8F4C2 /* VideoViewController.m in Sources */,
				CE09CE8419B860880020103E /* UIImageView+HighlightedWebCache.m in Sources */,
				CEF3161519B404C800004A02 /* NewsCell.m in Sources */,
				CEFAC874199C643000AEA8FF /* JHTableView.m in Sources */,
				CEFAC871199C5FD800AEA8FF /* Custom.m in Sources */,
				CEFBD737199DEA7300B8F4C2 /* PictureDetailViewController.m in Sources */,
				CE09CE5019B810DC0020103E /* MJRefreshFooterView.m in Sources */,
				CE09CE8219B860880020103E /* UIImage+MultiFormat.m in Sources */,
				CEFBD72B199DEA1700B8F4C2 /* MarketViewController.m in Sources */,
				CE09CE7719B860880020103E /* MKAnnotationView+WebCache.m in Sources */,
				CE09CE7819B860880020103E /* NSData+ImageContentType.m in Sources */,
				CE09CE8019B860880020103E /* UIButton+WebCache.m in Sources */,
				CE09CE8519B860880020103E /* UIImageView+WebCache.m in Sources */,
				CE08A362199B547300A9489A /* RootViewController.m in Sources */,
				CEF60BB519B01866003FE24A /* GDataXMLNode.m in Sources */,
				CE09CE8119B860880020103E /* UIImage+GIF.m in Sources */,
				CE09CE7C19B860880020103E /* SDWebImageDownloader.m in Sources */,
				CE09CE5419B810DC0020103E /* UIView+Extension.m in Sources */,
				CEFBD725199DD94900B8F4C2 /* NavButtonModel.m in Sources */,
				CEFB574E19AF194E00023E63 /* JHHRequestManager.m in Sources */,
				CE771D7919B98AE100AF1F4B /* CustomTabBarUp.m in Sources */,
				CEFBD734199DEA4D00B8F4C2 /* SettingViewController.m in Sources */,
				CE09CE4F19B810DC0020103E /* MJRefreshConst.m in Sources */,
				CEFBD73D199DECBA00B8F4C2 /* CustomTabBar.m in Sources */,
				CEFBD728199DE9F800B8F4C2 /* NewsViewController.m in Sources */,
			);
			runOnlyForDeploymentPostprocessing = 0;
		};
		CE08A345199B529500A9489A /* Sources */ = {
			isa = PBXSourcesBuildPhase;
			buildActionMask = 2147483647;
			files = (
				CE08A357199B529500A9489A /* NewssTests.m in Sources */,
			);
			runOnlyForDeploymentPostprocessing = 0;
		};
/* End PBXSourcesBuildPhase section */

/* Begin PBXTargetDependency section */
		CE08A34F199B529500A9489A /* PBXTargetDependency */ = {
			isa = PBXTargetDependency;
			target = CE08A32D199B529500A9489A /* Newss */;
			targetProxy = CE08A34E199B529500A9489A /* PBXContainerItemProxy */;
		};
/* End PBXTargetDependency section */

/* Begin PBXVariantGroup section */
		CE08A33A199B529500A9489A /* InfoPlist.strings */ = {
			isa = PBXVariantGroup;
			children = (
				CE08A33B199B529500A9489A /* en */,
			);
			name = InfoPlist.strings;
			sourceTree = "<group>";
		};
		CE08A353199B529500A9489A /* InfoPlist.strings */ = {
			isa = PBXVariantGroup;
			children = (
				CE08A354199B529500A9489A /* en */,
			);
			name = InfoPlist.strings;
			sourceTree = "<group>";
		};
/* End PBXVariantGroup section */

/* Begin XCBuildConfiguration section */
		CE08A358199B529500A9489A /* Debug */ = {
			isa = XCBuildConfiguration;
			buildSettings = {
				ALWAYS_SEARCH_USER_PATHS = NO;
				CLANG_CXX_LANGUAGE_STANDARD = "gnu++0x";
				CLANG_CXX_LIBRARY = "libc++";
				CLANG_ENABLE_MODULES = YES;
				CLANG_ENABLE_OBJC_ARC = YES;
				CLANG_WARN_BOOL_CONVERSION = YES;
				CLANG_WARN_CONSTANT_CONVERSION = YES;
				CLANG_WARN_DIRECT_OBJC_ISA_USAGE = YES_ERROR;
				CLANG_WARN_EMPTY_BODY = YES;
				CLANG_WARN_ENUM_CONVERSION = YES;
				CLANG_WARN_INT_CONVERSION = YES;
				CLANG_WARN_OBJC_ROOT_CLASS = YES_ERROR;
				CLANG_WARN__DUPLICATE_METHOD_MATCH = YES;
				"CODE_SIGN_IDENTITY[sdk=iphoneos*]" = "iPhone Developer";
				COPY_PHASE_STRIP = NO;
				GCC_C_LANGUAGE_STANDARD = gnu99;
				GCC_DYNAMIC_NO_PIC = NO;
				GCC_OPTIMIZATION_LEVEL = 0;
				GCC_PREPROCESSOR_DEFINITIONS = (
					"DEBUG=1",
					"$(inherited)",
				);
				GCC_SYMBOLS_PRIVATE_EXTERN = NO;
				GCC_WARN_64_TO_32_BIT_CONVERSION = YES;
				GCC_WARN_ABOUT_RETURN_TYPE = YES_ERROR;
				GCC_WARN_UNDECLARED_SELECTOR = YES;
				GCC_WARN_UNINITIALIZED_AUTOS = YES_AGGRESSIVE;
				GCC_WARN_UNUSED_FUNCTION = YES;
				GCC_WARN_UNUSED_VARIABLE = YES;
				IPHONEOS_DEPLOYMENT_TARGET = 7.1;
				ONLY_ACTIVE_ARCH = YES;
				SDKROOT = iphoneos;
			};
			name = Debug;
		};
		CE08A359199B529500A9489A /* Release */ = {
			isa = XCBuildConfiguration;
			buildSettings = {
				ALWAYS_SEARCH_USER_PATHS = NO;
				CLANG_CXX_LANGUAGE_STANDARD = "gnu++0x";
				CLANG_CXX_LIBRARY = "libc++";
				CLANG_ENABLE_MODULES = YES;
				CLANG_ENABLE_OBJC_ARC = YES;
				CLANG_WARN_BOOL_CONVERSION = YES;
				CLANG_WARN_CONSTANT_CONVERSION = YES;
				CLANG_WARN_DIRECT_OBJC_ISA_USAGE = YES_ERROR;
				CLANG_WARN_EMPTY_BODY = YES;
				CLANG_WARN_ENUM_CONVERSION = YES;
				CLANG_WARN_INT_CONVERSION = YES;
				CLANG_WARN_OBJC_ROOT_CLASS = YES_ERROR;
				CLANG_WARN__DUPLICATE_METHOD_MATCH = YES;
				"CODE_SIGN_IDENTITY[sdk=iphoneos*]" = "iPhone Developer";
				COPY_PHASE_STRIP = YES;
				ENABLE_NS_ASSERTIONS = NO;
				GCC_C_LANGUAGE_STANDARD = gnu99;
				GCC_WARN_64_TO_32_BIT_CONVERSION = YES;
				GCC_WARN_ABOUT_RETURN_TYPE = YES_ERROR;
				GCC_WARN_UNDECLARED_SELECTOR = YES;
				GCC_WARN_UNINITIALIZED_AUTOS = YES_AGGRESSIVE;
				GCC_WARN_UNUSED_FUNCTION = YES;
				GCC_WARN_UNUSED_VARIABLE = YES;
				IPHONEOS_DEPLOYMENT_TARGET = 7.1;
				SDKROOT = iphoneos;
				VALIDATE_PRODUCT = YES;
			};
			name = Release;
		};
		CE08A35B199B529500A9489A /* Debug */ = {
			isa = XCBuildConfiguration;
			buildSettings = {
				ASSETCATALOG_COMPILER_APPICON_NAME = AppIcon;
				ASSETCATALOG_COMPILER_LAUNCHIMAGE_NAME = LaunchImage;
				GCC_PRECOMPILE_PREFIX_HEADER = YES;
				GCC_PREFIX_HEADER = "Newss/Newss-Prefix.pch";
				HEADER_SEARCH_PATHS = (
					"$(inherited)",
					/Applications/Xcode.app/Contents/Developer/Toolchains/XcodeDefault.xctoolchain/usr/include,
					/usr/include/libxml2,
				);
				INFOPLIST_FILE = "Newss/Newss-Info.plist";
				PRODUCT_NAME = "$(TARGET_NAME)";
				WRAPPER_EXTENSION = app;
			};
			name = Debug;
		};
		CE08A35C199B529500A9489A /* Release */ = {
			isa = XCBuildConfiguration;
			buildSettings = {
				ASSETCATALOG_COMPILER_APPICON_NAME = AppIcon;
				ASSETCATALOG_COMPILER_LAUNCHIMAGE_NAME = LaunchImage;
				GCC_PRECOMPILE_PREFIX_HEADER = YES;
				GCC_PREFIX_HEADER = "Newss/Newss-Prefix.pch";
				HEADER_SEARCH_PATHS = (
					"$(inherited)",
					/Applications/Xcode.app/Contents/Developer/Toolchains/XcodeDefault.xctoolchain/usr/include,
					/usr/include/libxml2,
				);
				INFOPLIST_FILE = "Newss/Newss-Info.plist";
				PRODUCT_NAME = "$(TARGET_NAME)";
				WRAPPER_EXTENSION = app;
			};
			name = Release;
		};
		CE08A35E199B529500A9489A /* Debug */ = {
			isa = XCBuildConfiguration;
			buildSettings = {
				BUNDLE_LOADER = "$(BUILT_PRODUCTS_DIR)/Newss.app/Newss";
				FRAMEWORK_SEARCH_PATHS = (
					"$(SDKROOT)/Developer/Library/Frameworks",
					"$(inherited)",
					"$(DEVELOPER_FRAMEWORKS_DIR)",
				);
				GCC_PRECOMPILE_PREFIX_HEADER = YES;
				GCC_PREFIX_HEADER = "Newss/Newss-Prefix.pch";
				GCC_PREPROCESSOR_DEFINITIONS = (
					"DEBUG=1",
					"$(inherited)",
				);
				INFOPLIST_FILE = "NewssTests/NewssTests-Info.plist";
				PRODUCT_NAME = "$(TARGET_NAME)";
				TEST_HOST = "$(BUNDLE_LOADER)";
				WRAPPER_EXTENSION = xctest;
			};
			name = Debug;
		};
		CE08A35F199B529500A9489A /* Release */ = {
			isa = XCBuildConfiguration;
			buildSettings = {
				BUNDLE_LOADER = "$(BUILT_PRODUCTS_DIR)/Newss.app/Newss";
				FRAMEWORK_SEARCH_PATHS = (
					"$(SDKROOT)/Developer/Library/Frameworks",
					"$(inherited)",
					"$(DEVELOPER_FRAMEWORKS_DIR)",
				);
				GCC_PRECOMPILE_PREFIX_HEADER = YES;
				GCC_PREFIX_HEADER = "Newss/Newss-Prefix.pch";
				INFOPLIST_FILE = "NewssTests/NewssTests-Info.plist";
				PRODUCT_NAME = "$(TARGET_NAME)";
				TEST_HOST = "$(BUNDLE_LOADER)";
				WRAPPER_EXTENSION = xctest;
			};
			name = Release;
		};
/* End XCBuildConfiguration section */

/* Begin XCConfigurationList section */
		CE08A329199B529500A9489A /* Build configuration list for PBXProject "Newss" */ = {
			isa = XCConfigurationList;
			buildConfigurations = (
				CE08A358199B529500A9489A /* Debug */,
				CE08A359199B529500A9489A /* Release */,
			);
			defaultConfigurationIsVisible = 0;
			defaultConfigurationName = Release;
		};
		CE08A35A199B529500A9489A /* Build configuration list for PBXNativeTarget "Newss" */ = {
			isa = XCConfigurationList;
			buildConfigurations = (
				CE08A35B199B529500A9489A /* Debug */,
				CE08A35C199B529500A9489A /* Release */,
			);
			defaultConfigurationIsVisible = 0;
			defaultConfigurationName = Release;
		};
		CE08A35D199B529500A9489A /* Build configuration list for PBXNativeTarget "NewssTests" */ = {
			isa = XCConfigurationList;
			buildConfigurations = (
				CE08A35E199B529500A9489A /* Debug */,
				CE08A35F199B529500A9489A /* Release */,
			);
			defaultConfigurationIsVisible = 0;
			defaultConfigurationName = Release;
		};
/* End XCConfigurationList section */
	};
	rootObject = CE08A326199B529500A9489A /* Project object */;
}
